
Microsoft Visual Studio Solution File, Format Version 12.00
# Visual Studio Version 17
VisualStudioVersion = 17.6.33829.357
MinimumVisualStudioVersion = 10.0.40219.1
Project("{FAE04EC0-301F-11D3-BF4B-00C04F79EFBC}") = "Todo.API", "Todo.API.csproj", "{5DB22A17-9B62-4069-BD34-06B1897DD088}"
EndProject
Global
	GlobalSection(SolutionConfigurationPlatforms) = preSolution
		Debug|Any CPU = Debug|Any CPU
		Release|Any CPU = Release|Any CPU
	EndGlobalSection
	GlobalSection(ProjectConfigurationPlatforms) = postSolution
		{5DB22A17-9B62-4069-BD34-06B1897DD088}.Debug|Any CPU.ActiveCfg = Debug|Any CPU
		{5DB22A17-9B62-4069-BD34-06B1897DD088}.Debug|Any CPU.Build.0 = Debug|Any CPU
		{5DB22A17-9B62-4069-BD34-06B1897DD088}.Release|Any CPU.ActiveCfg = Release|Any CPU
		{5DB22A17-9B62-4069-BD34-06B1897DD088}.Release|Any CPU.Build.0 = Release|Any CPU
	EndGlobalSection
	GlobalSection(SolutionProperties) = preSolution
		HideSolutionNode = FALSE
	EndGlobalSection
	GlobalSection(ExtensibilityGlobals) = postSolution
		SolutionGuid = {F213E893-D241-409C-A8F8-50C6624FDD86}
	EndGlobalSection
EndGlobal
